
Microsoft Visual Studio Solution File, Format Version 12.00
# Visual Studio Version 17
VisualStudioVersion = 17.2.32519.379
MinimumVisualStudioVersion = 10.0.40219.1
Project("{FAE04EC0-301F-11D3-BF4B-00C04F79EFBC}") = "PlitkaApp", "PlitkaApp.csproj", "{AFC22D73-1580-47AC-AC9B-636E425931FA}"
EndProject
Global
	GlobalSection(SolutionConfigurationPlatforms) = preSolution
		Debug|Any CPU = Debug|Any CPU
		Release|Any CPU = Release|Any CPU
	EndGlobalSection
	GlobalSection(ProjectConfigurationPlatforms) = postSolution
		{AFC22D73-1580-47AC-AC9B-636E425931FA}.Debug|Any CPU.ActiveCfg = Debug|Any CPU
		{AFC22D73-1580-47AC-AC9B-636E425931FA}.Debug|Any CPU.Build.0 = Debug|Any CPU
		{AFC22D73-1580-47AC-AC9B-636E425931FA}.Release|Any CPU.ActiveCfg = Release|Any CPU
		{AFC22D73-1580-47AC-AC9B-636E425931FA}.Release|Any CPU.Build.0 = Release|Any CPU
	EndGlobalSection
	GlobalSection(SolutionProperties) = preSolution
		HideSolutionNode = FALSE
	EndGlobalSection
	GlobalSection(ExtensibilityGlobals) = postSolution
		SolutionGuid = {2293E06D-789A-48AA-A733-66021B094412}
	EndGlobalSection
EndGlobal
